{
  "nodes": {
    "nixpkgs": {
      "locked": {
        "lastModified": 1768220978,
        "narHash": "sha256-WLOuiJmfmVHkiTljuv+UlpFKElo+clffVdn0e0zVaH4=",
        "owner": "NixOS",
        "repo": "nixpkgs",
        "rev": "7ec29303406e663955410637b2bdaa3dd12a6cfb",
        "type": "github"
      },
      "original": {
        "owner": "NixOS",
        "repo": "nixpkgs",
        "type": "github"
      }
    },
    "root": {
      "inputs": {
        "nixpkgs": "nixpkgs"
      }
    }
  },
  "root": "root",
  "version": 7
}
